// !$*UTF8*$!
{
	archiveVersion = 1;
	classes = {
	};
	objectVersion = 56;
	objects = {

/* Begin PBXBuildFile section */
		FA588576296C54F4005F2A32 /* CoolBeansApp.swift in Sources */ = {isa = PBXBuildFile; fileRef = FA588575296C54F4005F2A32 /* CoolBeansApp.swift */; };
		FA588578296C54F4005F2A32 /* ContentView.swift in Sources */ = {isa = PBXBuildFile; fileRef = FA588577296C54F4005F2A32 /* ContentView.swift */; };
		FA58857A296C54F7005F2A32 /* Assets.xcassets in Resources */ = {isa = PBXBuildFile; fileRef = FA588579296C54F7005F2A32 /* Assets.xcassets */; };
		FA58857D296C54F7005F2A32 /* Preview Assets.xcassets in Resources */ = {isa = PBXBuildFile; fileRef = FA58857C296C54F7005F2A32 /* Preview Assets.xcassets */; };
		FA588584296C551D005F2A32 /* menu.json in Resources */ = {isa = PBXBuildFile; fileRef = FA588583296C551D005F2A32 /* menu.json */; };
		FA588586296C5580005F2A32 /* Drink.swift in Sources */ = {isa = PBXBuildFile; fileRef = FA588585296C5580005F2A32 /* Drink.swift */; };
		FA588588296C58C3005F2A32 /* MenuSection.swift in Sources */ = {isa = PBXBuildFile; fileRef = FA588587296C58C3005F2A32 /* MenuSection.swift */; };
		FA58858A296C5920005F2A32 /* Menu.swift in Sources */ = {isa = PBXBuildFile; fileRef = FA588589296C5920005F2A32 /* Menu.swift */; };
		FA58858C296C6BB4005F2A32 /* MenuView.swift in Sources */ = {isa = PBXBuildFile; fileRef = FA58858B296C6BB4005F2A32 /* MenuView.swift */; };
		FA58858E296C73BD005F2A32 /* CustomizeView.swift in Sources */ = {isa = PBXBuildFile; fileRef = FA58858D296C73BD005F2A32 /* CustomizeView.swift */; };
		FA588590296D9698005F2A32 /* ConfigurationOption.swift in Sources */ = {isa = PBXBuildFile; fileRef = FA58858F296D9698005F2A32 /* ConfigurationOption.swift */; };
		FA588592296DAE6D005F2A32 /* Serving.swift in Sources */ = {isa = PBXBuildFile; fileRef = FA588591296DAE6D005F2A32 /* Serving.swift */; };
		FA588594296DAF64005F2A32 /* FileManager-DocumentsDirectory.swift in Sources */ = {isa = PBXBuildFile; fileRef = FA588593296DAF64005F2A32 /* FileManager-DocumentsDirectory.swift */; };
		FA588596296DAFE5005F2A32 /* History.swift in Sources */ = {isa = PBXBuildFile; fileRef = FA588595296DAFE5005F2A32 /* History.swift */; };
/* End PBXBuildFile section */

/* Begin PBXFileReference section */
		FA588572296C54F4005F2A32 /* CoolBeans.app */ = {isa = PBXFileReference; explicitFileType = wrapper.application; includeInIndex = 0; path = CoolBeans.app; sourceTree = BUILT_PRODUCTS_DIR; };
		FA588575296C54F4005F2A32 /* CoolBeansApp.swift */ = {isa = PBXFileReference; lastKnownFileType = sourcecode.swift; path = CoolBeansApp.swift; sourceTree = "<group>"; };
		FA588577296C54F4005F2A32 /* ContentView.swift */ = {isa = PBXFileReference; lastKnownFileType = sourcecode.swift; path = ContentView.swift; sourceTree = "<group>"; };
		FA588579296C54F7005F2A32 /* Assets.xcassets */ = {isa = PBXFileReference; lastKnownFileType = folder.assetcatalog; path = Assets.xcassets; sourceTree = "<group>"; };
		FA58857C296C54F7005F2A32 /* Preview Assets.xcassets */ = {isa = PBXFileReference; lastKnownFileType = folder.assetcatalog; path = "Preview Assets.xcassets"; sourceTree = "<group>"; };
		FA588583296C551D005F2A32 /* menu.json */ = {isa = PBXFileReference; fileEncoding = 4; lastKnownFileType = text.json; path = menu.json; sourceTree = "<group>"; };
		FA588585296C5580005F2A32 /* Drink.swift */ = {isa = PBXFileReference; lastKnownFileType = sourcecode.swift; path = Drink.swift; sourceTree = "<group>"; };
		FA588587296C58C3005F2A32 /* MenuSection.swift */ = {isa = PBXFileReference; lastKnownFileType = sourcecode.swift; path = MenuSection.swift; sourceTree = "<group>"; };
		FA588589296C5920005F2A32 /* Menu.swift */ = {isa = PBXFileReference; lastKnownFileType = sourcecode.swift; path = Menu.swift; sourceTree = "<group>"; };
		FA58858B296C6BB4005F2A32 /* MenuView.swift */ = {isa = PBXFileReference; lastKnownFileType = sourcecode.swift; path = MenuView.swift; sourceTree = "<group>"; };
		FA58858D296C73BD005F2A32 /* CustomizeView.swift */ = {isa = PBXFileReference; lastKnownFileType = sourcecode.swift; path = CustomizeView.swift; sourceTree = "<group>"; };
		FA58858F296D9698005F2A32 /* ConfigurationOption.swift */ = {isa = PBXFileReference; lastKnownFileType = sourcecode.swift; path = ConfigurationOption.swift; sourceTree = "<group>"; };
		FA588591296DAE6D005F2A32 /* Serving.swift */ = {isa = PBXFileReference; lastKnownFileType = sourcecode.swift; path = Serving.swift; sourceTree = "<group>"; };
		FA588593296DAF64005F2A32 /* FileManager-DocumentsDirectory.swift */ = {isa = PBXFileReference; lastKnownFileType = sourcecode.swift; path = "FileManager-DocumentsDirectory.swift"; sourceTree = "<group>"; };
		FA588595296DAFE5005F2A32 /* History.swift */ = {isa = PBXFileReference; lastKnownFileType = sourcecode.swift; path = History.swift; sourceTree = "<group>"; };
/* End PBXFileReference section */

/* Begin PBXFrameworksBuildPhase section */
		FA58856F296C54F4005F2A32 /* Frameworks */ = {
			isa = PBXFrameworksBuildPhase;
			buildActionMask = 2147483647;
			files = (
			);
			runOnlyForDeploymentPostprocessing = 0;
		};
/* End PBXFrameworksBuildPhase section */

/* Begin PBXGroup section */
		FA588569296C54F3005F2A32 = {
			isa = PBXGroup;
			children = (
				FA588574296C54F4005F2A32 /* CoolBeans */,
				FA588573296C54F4005F2A32 /* Products */,
			);
			sourceTree = "<group>";
		};
		FA588573296C54F4005F2A32 /* Products */ = {
			isa = PBXGroup;
			children = (
				FA588572296C54F4005F2A32 /* CoolBeans.app */,
			);
			name = Products;
			sourceTree = "<group>";
		};
		FA588574296C54F4005F2A32 /* CoolBeans */ = {
			isa = PBXGroup;
			children = (
				FA588575296C54F4005F2A32 /* CoolBeansApp.swift */,
				FA96AD2B297058A5006F0DE4 /* View */,
				FA96AD2C297058B0006F0DE4 /* Model */,
				FA96AD2D29705924006F0DE4 /* ViewModel */,
				FA588579296C54F7005F2A32 /* Assets.xcassets */,
				FA588583296C551D005F2A32 /* menu.json */,
				FA58857B296C54F7005F2A32 /* Preview Content */,
			);
			path = CoolBeans;
			sourceTree = "<group>";
		};
		FA58857B296C54F7005F2A32 /* Preview Content */ = {
			isa = PBXGroup;
			children = (
				FA58857C296C54F7005F2A32 /* Preview Assets.xcassets */,
			);
			path = "Preview Content";
			sourceTree = "<group>";
		};
		FA96AD2B297058A5006F0DE4 /* View */ = {
			isa = PBXGroup;
			children = (
				FA588577296C54F4005F2A32 /* ContentView.swift */,
				FA58858B296C6BB4005F2A32 /* MenuView.swift */,
				FA58858D296C73BD005F2A32 /* CustomizeView.swift */,
			);
			path = View;
			sourceTree = "<group>";
		};
		FA96AD2C297058B0006F0DE4 /* Model */ = {
			isa = PBXGroup;
			children = (
				FA588591296DAE6D005F2A32 /* Serving.swift */,
				FA588585296C5580005F2A32 /* Drink.swift */,
				FA58858F296D9698005F2A32 /* ConfigurationOption.swift */,
				FA588587296C58C3005F2A32 /* MenuSection.swift */,
			);
			path = Model;
			sourceTree = "<group>";
		};
		FA96AD2D29705924006F0DE4 /* ViewModel */ = {
			isa = PBXGroup;
			children = (
				FA588589296C5920005F2A32 /* Menu.swift */,
				FA588593296DAF64005F2A32 /* FileManager-DocumentsDirectory.swift */,
				FA588595296DAFE5005F2A32 /* History.swift */,
			);
			path = ViewModel;
			sourceTree = "<group>";
		};
/* End PBXGroup section */

/* Begin PBXNativeTarget section */
		FA588571296C54F4005F2A32 /* CoolBeans */ = {
			isa = PBXNativeTarget;
			buildConfigurationList = FA588580296C54F7005F2A32 /* Build configuration list for PBXNativeTarget "CoolBeans" */;
			buildPhases = (
				FA58856E296C54F4005F2A32 /* Sources */,
				FA58856F296C54F4005F2A32 /* Frameworks */,
				FA588570296C54F4005F2A32 /* Resources */,
			);
			buildRules = (
			);
			dependencies = (
			);
			name = CoolBeans;
			productName = CoolBeans;
			productReference = FA588572296C54F4005F2A32 /* CoolBeans.app */;
			productType = "com.apple.product-type.application";
		};
/* End PBXNativeTarget section */

/* Begin PBXProject section */
		FA58856A296C54F3005F2A32 /* Project object */ = {
			isa = PBXProject;
			attributes = {
				BuildIndependentTargetsInParallel = 1;
				LastSwiftUpdateCheck = 1410;
				LastUpgradeCheck = 1410;
				TargetAttributes = {
					FA588571296C54F4005F2A32 = {
						CreatedOnToolsVersion = 14.1;
					};
				};
			};
			buildConfigurationList = FA58856D296C54F3005F2A32 /* Build configuration list for PBXProject "CoolBeans" */;
			compatibilityVersion = "Xcode 14.0";
			developmentRegion = en;
			hasScannedForEncodings = 0;
			knownRegions = (
				en,
				Base,
			);
			mainGroup = FA588569296C54F3005F2A32;
			productRefGroup = FA588573296C54F4005F2A32 /* Products */;
			projectDirPath = "";
			projectRoot = "";
			targets = (
				FA588571296C54F4005F2A32 /* CoolBeans */,
			);
		};
/* End PBXProject section */

/* Begin PBXResourcesBuildPhase section */
		FA588570296C54F4005F2A32 /* Resources */ = {
			isa = PBXResourcesBuildPhase;
			buildActionMask = 2147483647;
			files = (
				FA588584296C551D005F2A32 /* menu.json in Resources */,
				FA58857D296C54F7005F2A32 /* Preview Assets.xcassets in Resources */,
				FA58857A296C54F7005F2A32 /* Assets.xcassets in Resources */,
			);
			runOnlyForDeploymentPostprocessing = 0;
		};
/* End PBXResourcesBuildPhase section */

/* Begin PBXSourcesBuildPhase section */
		FA58856E296C54F4005F2A32 /* Sources */ = {
			isa = PBXSourcesBuildPhase;
			buildActionMask = 2147483647;
			files = (
				FA588578296C54F4005F2A32 /* ContentView.swift in Sources */,
				FA58858C296C6BB4005F2A32 /* MenuView.swift in Sources */,
				FA588586296C5580005F2A32 /* Drink.swift in Sources */,
				FA588596296DAFE5005F2A32 /* History.swift in Sources */,
				FA588588296C58C3005F2A32 /* MenuSection.swift in Sources */,
				FA588576296C54F4005F2A32 /* CoolBeansApp.swift in Sources */,
				FA588590296D9698005F2A32 /* ConfigurationOption.swift in Sources */,
				FA588594296DAF64005F2A32 /* FileManager-DocumentsDirectory.swift in Sources */,
				FA58858E296C73BD005F2A32 /* CustomizeView.swift in Sources */,
				FA58858A296C5920005F2A32 /* Menu.swift in Sources */,
				FA588592296DAE6D005F2A32 /* Serving.swift in Sources */,
			);
			runOnlyForDeploymentPostprocessing = 0;
		};
/* End PBXSourcesBuildPhase section */

/* Begin XCBuildConfiguration section */
		FA58857E296C54F7005F2A32 /* Debug */ = {
			isa = XCBuildConfiguration;
			buildSettings = {
				ALWAYS_SEARCH_USER_PATHS = NO;
				CLANG_ANALYZER_NONNULL = YES;
				CLANG_ANALYZER_NUMBER_OBJECT_CONVERSION = YES_AGGRESSIVE;
				CLANG_CXX_LANGUAGE_STANDARD = "gnu++20";
				CLANG_ENABLE_MODULES = YES;
				CLANG_ENABLE_OBJC_ARC = YES;
				CLANG_ENABLE_OBJC_WEAK = YES;
				CLANG_WARN_BLOCK_CAPTURE_AUTORELEASING = YES;
				CLANG_WARN_BOOL_CONVERSION = YES;
				CLANG_WARN_COMMA = YES;
				CLANG_WARN_CONSTANT_CONVERSION = YES;
				CLANG_WARN_DEPRECATED_OBJC_IMPLEMENTATIONS = YES;
				CLANG_WARN_DIRECT_OBJC_ISA_USAGE = YES_ERROR;
				CLANG_WARN_DOCUMENTATION_COMMENTS = YES;
				CLANG_WARN_EMPTY_BODY = YES;
				CLANG_WARN_ENUM_CONVERSION = YES;
				CLANG_WARN_INFINITE_RECURSION = YES;
				CLANG_WARN_INT_CONVERSION = YES;
				CLANG_WARN_NON_LITERAL_NULL_CONVERSION = YES;
				CLANG_WARN_OBJC_IMPLICIT_RETAIN_SELF = YES;
				CLANG_WARN_OBJC_LITERAL_CONVERSION = YES;
				CLANG_WARN_OBJC_ROOT_CLASS = YES_ERROR;
				CLANG_WARN_QUOTED_INCLUDE_IN_FRAMEWORK_HEADER = YES;
				CLANG_WARN_RANGE_LOOP_ANALYSIS = YES;
				CLANG_WARN_STRICT_PROTOTYPES = YES;
				CLANG_WARN_SUSPICIOUS_MOVE = YES;
				CLANG_WARN_UNGUARDED_AVAILABILITY = YES_AGGRESSIVE;
				CLANG_WARN_UNREACHABLE_CODE = YES;
				CLANG_WARN__DUPLICATE_METHOD_MATCH = YES;
				COPY_PHASE_STRIP = NO;
				DEBUG_INFORMATION_FORMAT = dwarf;
				ENABLE_STRICT_OBJC_MSGSEND = YES;
				ENABLE_TESTABILITY = YES;
				GCC_C_LANGUAGE_STANDARD = gnu11;
				GCC_DYNAMIC_NO_PIC = NO;
				GCC_NO_COMMON_BLOCKS = YES;
				GCC_OPTIMIZATION_LEVEL = 0;
				GCC_PREPROCESSOR_DEFINITIONS = (
					"DEBUG=1",
					"$(inherited)",
				);
				GCC_WARN_64_TO_32_BIT_CONVERSION = YES;
				GCC_WARN_ABOUT_RETURN_TYPE = YES_ERROR;
				GCC_WARN_UNDECLARED_SELECTOR = YES;
				GCC_WARN_UNINITIALIZED_AUTOS = YES_AGGRESSIVE;
				GCC_WARN_UNUSED_FUNCTION = YES;
				GCC_WARN_UNUSED_VARIABLE = YES;
				IPHONEOS_DEPLOYMENT_TARGET = 16.1;
				MTL_ENABLE_DEBUG_INFO = INCLUDE_SOURCE;
				MTL_FAST_MATH = YES;
				ONLY_ACTIVE_ARCH = YES;
				SDKROOT = iphoneos;
				SWIFT_ACTIVE_COMPILATION_CONDITIONS = DEBUG;
				SWIFT_OPTIMIZATION_LEVEL = "-Onone";
			};
			name = Debug;
		};
		FA58857F296C54F7005F2A32 /* Release */ = {
			isa = XCBuildConfiguration;
			buildSettings = {
				ALWAYS_SEARCH_USER_PATHS = NO;
				CLANG_ANALYZER_NONNULL = YES;
				CLANG_ANALYZER_NUMBER_OBJECT_CONVERSION = YES_AGGRESSIVE;
				CLANG_CXX_LANGUAGE_STANDARD = "gnu++20";
				CLANG_ENABLE_MODULES = YES;
				CLANG_ENABLE_OBJC_ARC = YES;
				CLANG_ENABLE_OBJC_WEAK = YES;
				CLANG_WARN_BLOCK_CAPTURE_AUTORELEASING = YES;
				CLANG_WARN_BOOL_CONVERSION = YES;
				CLANG_WARN_COMMA = YES;
				CLANG_WARN_CONSTANT_CONVERSION = YES;
				CLANG_WARN_DEPRECATED_OBJC_IMPLEMENTATIONS = YES;
				CLANG_WARN_DIRECT_OBJC_ISA_USAGE = YES_ERROR;
				CLANG_WARN_DOCUMENTATION_COMMENTS = YES;
				CLANG_WARN_EMPTY_BODY = YES;
				CLANG_WARN_ENUM_CONVERSION = YES;
				CLANG_WARN_INFINITE_RECURSION = YES;
				CLANG_WARN_INT_CONVERSION = YES;
				CLANG_WARN_NON_LITERAL_NULL_CONVERSION = YES;
				CLANG_WARN_OBJC_IMPLICIT_RETAIN_SELF = YES;
				CLANG_WARN_OBJC_LITERAL_CONVERSION = YES;
				CLANG_WARN_OBJC_ROOT_CLASS = YES_ERROR;
				CLANG_WARN_QUOTED_INCLUDE_IN_FRAMEWORK_HEADER = YES;
				CLANG_WARN_RANGE_LOOP_ANALYSIS = YES;
				CLANG_WARN_STRICT_PROTOTYPES = YES;
				CLANG_WARN_SUSPICIOUS_MOVE = YES;
				CLANG_WARN_UNGUARDED_AVAILABILITY = YES_AGGRESSIVE;
				CLANG_WARN_UNREACHABLE_CODE = YES;
				CLANG_WARN__DUPLICATE_METHOD_MATCH = YES;
				COPY_PHASE_STRIP = NO;
				DEBUG_INFORMATION_FORMAT = "dwarf-with-dsym";
				ENABLE_NS_ASSERTIONS = NO;
				ENABLE_STRICT_OBJC_MSGSEND = YES;
				GCC_C_LANGUAGE_STANDARD = gnu11;
				GCC_NO_COMMON_BLOCKS = YES;
				GCC_WARN_64_TO_32_BIT_CONVERSION = YES;
				GCC_WARN_ABOUT_RETURN_TYPE = YES_ERROR;
				GCC_WARN_UNDECLARED_SELECTOR = YES;
				GCC_WARN_UNINITIALIZED_AUTOS = YES_AGGRESSIVE;
				GCC_WARN_UNUSED_FUNCTION = YES;
				GCC_WARN_UNUSED_VARIABLE = YES;
				IPHONEOS_DEPLOYMENT_TARGET = 16.1;
				MTL_ENABLE_DEBUG_INFO = NO;
				MTL_FAST_MATH = YES;
				SDKROOT = iphoneos;
				SWIFT_COMPILATION_MODE = wholemodule;
				SWIFT_OPTIMIZATION_LEVEL = "-O";
				VALIDATE_PRODUCT = YES;
			};
			name = Release;
		};
		FA588581296C54F7005F2A32 /* Debug */ = {
			isa = XCBuildConfiguration;
			buildSettings = {
				ASSETCATALOG_COMPILER_APPICON_NAME = AppIcon;
				ASSETCATALOG_COMPILER_GLOBAL_ACCENT_COLOR_NAME = AccentColor;
				CODE_SIGN_STYLE = Automatic;
				CURRENT_PROJECT_VERSION = 1;
				DEVELOPMENT_ASSET_PATHS = "\"CoolBeans/Preview Content\"";
				DEVELOPMENT_TEAM = BM94HG5B27;
				ENABLE_PREVIEWS = YES;
				GENERATE_INFOPLIST_FILE = YES;
				INFOPLIST_KEY_UIApplicationSceneManifest_Generation = YES;
				INFOPLIST_KEY_UIApplicationSupportsIndirectInputEvents = YES;
				INFOPLIST_KEY_UILaunchScreen_Generation = YES;
				INFOPLIST_KEY_UISupportedInterfaceOrientations_iPad = "UIInterfaceOrientationPortrait UIInterfaceOrientationPortraitUpsideDown UIInterfaceOrientationLandscapeLeft UIInterfaceOrientationLandscapeRight";
				INFOPLIST_KEY_UISupportedInterfaceOrientations_iPhone = "UIInterfaceOrientationPortrait UIInterfaceOrientationLandscapeLeft UIInterfaceOrientationLandscapeRight";
				LD_RUNPATH_SEARCH_PATHS = (
					"$(inherited)",
					"@executable_path/Frameworks",
				);
				MARKETING_VERSION = 1.0;
				PRODUCT_BUNDLE_IDENTIFIER = "Pavel-Bohomolnyi.CoolBeans";
				PRODUCT_NAME = "$(TARGET_NAME)";
				SWIFT_EMIT_LOC_STRINGS = YES;
				SWIFT_VERSION = 5.0;
				TARGETED_DEVICE_FAMILY = "1,2";
			};
			name = Debug;
		};
		FA588582296C54F7005F2A32 /* Release */ = {
			isa = XCBuildConfiguration;
			buildSettings = {
				ASSETCATALOG_COMPILER_APPICON_NAME = AppIcon;
				ASSETCATALOG_COMPILER_GLOBAL_ACCENT_COLOR_NAME = AccentColor;
				CODE_SIGN_STYLE = Automatic;
				CURRENT_PROJECT_VERSION = 1;
				DEVELOPMENT_ASSET_PATHS = "\"CoolBeans/Preview Content\"";
				DEVELOPMENT_TEAM = BM94HG5B27;
				ENABLE_PREVIEWS = YES;
				GENERATE_INFOPLIST_FILE = YES;
				INFOPLIST_KEY_UIApplicationSceneManifest_Generation = YES;
				INFOPLIST_KEY_UIApplicationSupportsIndirectInputEvents = YES;
				INFOPLIST_KEY_UILaunchScreen_Generation = YES;
				INFOPLIST_KEY_UISupportedInterfaceOrientations_iPad = "UIInterfaceOrientationPortrait UIInterfaceOrientationPortraitUpsideDown UIInterfaceOrientationLandscapeLeft UIInterfaceOrientationLandscapeRight";
				INFOPLIST_KEY_UISupportedInterfaceOrientations_iPhone = "UIInterfaceOrientationPortrait UIInterfaceOrientationLandscapeLeft UIInterfaceOrientationLandscapeRight";
				LD_RUNPATH_SEARCH_PATHS = (
					"$(inherited)",
					"@executable_path/Frameworks",
				);
				MARKETING_VERSION = 1.0;
				PRODUCT_BUNDLE_IDENTIFIER = "Pavel-Bohomolnyi.CoolBeans";
				PRODUCT_NAME = "$(TARGET_NAME)";
				SWIFT_EMIT_LOC_STRINGS = YES;
				SWIFT_VERSION = 5.0;
				TARGETED_DEVICE_FAMILY = "1,2";
			};
			name = Release;
		};
/* End XCBuildConfiguration section */

/* Begin XCConfigurationList section */
		FA58856D296C54F3005F2A32 /* Build configuration list for PBXProject "CoolBeans" */ = {
			isa = XCConfigurationList;
			buildConfigurations = (
				FA58857E296C54F7005F2A32 /* Debug */,
				FA58857F296C54F7005F2A32 /* Release */,
			);
			defaultConfigurationIsVisible = 0;
			defaultConfigurationName = Release;
		};
		FA588580296C54F7005F2A32 /* Build configuration list for PBXNativeTarget "CoolBeans" */ = {
			isa = XCConfigurationList;
			buildConfigurations = (
				FA588581296C54F7005F2A32 /* Debug */,
				FA588582296C54F7005F2A32 /* Release */,
			);
			defaultConfigurationIsVisible = 0;
			defaultConfigurationName = Release;
		};
/* End XCConfigurationList section */
	};
	rootObject = FA58856A296C54F3005F2A32 /* Project object */;
}
